
Microsoft Visual Studio Solution File, Format Version 12.00
# Visual Studio Version 17
VisualStudioVersion = 17.8.34330.188
MinimumVisualStudioVersion = 10.0.40219.1
Project("{FAE04EC0-301F-11D3-BF4B-00C04F79EFBC}") = "warehouse_interface", "warehouse_interface\warehouse_interface.csproj", "{C5C1552B-5702-4089-8A75-6089923B8A93}"
EndProject
Project("{FAE04EC0-301F-11D3-BF4B-00C04F79EFBC}") = "DataLayer", "DataLayer\DataLayer.csproj", "{A6F315F9-B301-4E22-8503-DFEF4E20EA1E}"
EndProject
Project("{FAE04EC0-301F-11D3-BF4B-00C04F79EFBC}") = "ClassBussines", "ClassBussines\ClassBussines.csproj", "{F7DD562E-8E90-48EC-96AA-C25911365E07}"
EndProject
Global
	GlobalSection(SolutionConfigurationPlatforms) = preSolution
		Debug|Any CPU = Debug|Any CPU
		Release|Any CPU = Release|Any CPU
	EndGlobalSection
	GlobalSection(ProjectConfigurationPlatforms) = postSolution
		{C5C1552B-5702-4089-8A75-6089923B8A93}.Debug|Any CPU.ActiveCfg = Debug|Any CPU
		{C5C1552B-5702-4089-8A75-6089923B8A93}.Debug|Any CPU.Build.0 = Debug|Any CPU
		{C5C1552B-5702-4089-8A75-6089923B8A93}.Release|Any CPU.ActiveCfg = Release|Any CPU
		{C5C1552B-5702-4089-8A75-6089923B8A93}.Release|Any CPU.Build.0 = Release|Any CPU
		{A6F315F9-B301-4E22-8503-DFEF4E20EA1E}.Debug|Any CPU.ActiveCfg = Debug|Any CPU
		{A6F315F9-B301-4E22-8503-DFEF4E20EA1E}.Debug|Any CPU.Build.0 = Debug|Any CPU
		{A6F315F9-B301-4E22-8503-DFEF4E20EA1E}.Release|Any CPU.ActiveCfg = Release|Any CPU
		{A6F315F9-B301-4E22-8503-DFEF4E20EA1E}.Release|Any CPU.Build.0 = Release|Any CPU
		{F7DD562E-8E90-48EC-96AA-C25911365E07}.Debug|Any CPU.ActiveCfg = Debug|Any CPU
		{F7DD562E-8E90-48EC-96AA-C25911365E07}.Debug|Any CPU.Build.0 = Debug|Any CPU
		{F7DD562E-8E90-48EC-96AA-C25911365E07}.Release|Any CPU.ActiveCfg = Release|Any CPU
		{F7DD562E-8E90-48EC-96AA-C25911365E07}.Release|Any CPU.Build.0 = Release|Any CPU
	EndGlobalSection
	GlobalSection(SolutionProperties) = preSolution
		HideSolutionNode = FALSE
	EndGlobalSection
	GlobalSection(ExtensibilityGlobals) = postSolution
		SolutionGuid = {90719374-A732-47AC-9953-2F441FBA3DDF}
	EndGlobalSection
EndGlobal
